
Microsoft Visual Studio Solution File, Format Version 11.00
# Visual Studio 2010
Project("{FAE04EC0-301F-11D3-BF4B-00C04F79EFBC}") = "Validation", "Validation\Validation.csproj", "{AD43B497-5D3A-42BF-8E8F-CCC647AE1120}"
EndProject
Project("{FAE04EC0-301F-11D3-BF4B-00C04F79EFBC}") = "TestValidation", "TestValidation\TestValidation.csproj", "{AE90D4CA-610C-4BDF-B37B-61D4766BDF29}"
EndProject
Project("{2150E333-8FDC-42A3-9474-1A3956D46DE8}") = "Solution Items", "Solution Items", "{23723E66-D6F3-4BC1-9171-AF8490570701}"
	ProjectSection(SolutionItems) = preProject
		Local.testsettings = Local.testsettings
		TraceAndTestImpact.testsettings = TraceAndTestImpact.testsettings
		Validation.vsmdi = Validation.vsmdi
	EndProjectSection
EndProject
Global
	GlobalSection(TestCaseManagementSettings) = postSolution
		CategoryFile = Validation.vsmdi
	EndGlobalSection
	GlobalSection(SolutionConfigurationPlatforms) = preSolution
		Debug|Any CPU = Debug|Any CPU
		Debug|Mixed Platforms = Debug|Mixed Platforms
		Debug|x86 = Debug|x86
		Release|Any CPU = Release|Any CPU
		Release|Mixed Platforms = Release|Mixed Platforms
		Release|x86 = Release|x86
	EndGlobalSection
	GlobalSection(ProjectConfigurationPlatforms) = postSolution
		{AD43B497-5D3A-42BF-8E8F-CCC647AE1120}.Debug|Any CPU.ActiveCfg = Debug|x86
		{AD43B497-5D3A-42BF-8E8F-CCC647AE1120}.Debug|Mixed Platforms.ActiveCfg = Debug|x86
		{AD43B497-5D3A-42BF-8E8F-CCC647AE1120}.Debug|Mixed Platforms.Build.0 = Debug|x86
		{AD43B497-5D3A-42BF-8E8F-CCC647AE1120}.Debug|x86.ActiveCfg = Debug|x86
		{AD43B497-5D3A-42BF-8E8F-CCC647AE1120}.Debug|x86.Build.0 = Debug|x86
		{AD43B497-5D3A-42BF-8E8F-CCC647AE1120}.Release|Any CPU.ActiveCfg = Release|x86
		{AD43B497-5D3A-42BF-8E8F-CCC647AE1120}.Release|Mixed Platforms.ActiveCfg = Release|x86
		{AD43B497-5D3A-42BF-8E8F-CCC647AE1120}.Release|Mixed Platforms.Build.0 = Release|x86
		{AD43B497-5D3A-42BF-8E8F-CCC647AE1120}.Release|x86.ActiveCfg = Release|x86
		{AD43B497-5D3A-42BF-8E8F-CCC647AE1120}.Release|x86.Build.0 = Release|x86
		{AE90D4CA-610C-4BDF-B37B-61D4766BDF29}.Debug|Any CPU.ActiveCfg = Debug|Any CPU
		{AE90D4CA-610C-4BDF-B37B-61D4766BDF29}.Debug|Any CPU.Build.0 = Debug|Any CPU
		{AE90D4CA-610C-4BDF-B37B-61D4766BDF29}.Debug|Mixed Platforms.ActiveCfg = Debug|Any CPU
		{AE90D4CA-610C-4BDF-B37B-61D4766BDF29}.Debug|Mixed Platforms.Build.0 = Debug|Any CPU
		{AE90D4CA-610C-4BDF-B37B-61D4766BDF29}.Debug|x86.ActiveCfg = Debug|Any CPU
		{AE90D4CA-610C-4BDF-B37B-61D4766BDF29}.Release|Any CPU.ActiveCfg = Release|Any CPU
		{AE90D4CA-610C-4BDF-B37B-61D4766BDF29}.Release|Any CPU.Build.0 = Release|Any CPU
		{AE90D4CA-610C-4BDF-B37B-61D4766BDF29}.Release|Mixed Platforms.ActiveCfg = Release|Any CPU
		{AE90D4CA-610C-4BDF-B37B-61D4766BDF29}.Release|Mixed Platforms.Build.0 = Release|Any CPU
		{AE90D4CA-610C-4BDF-B37B-61D4766BDF29}.Release|x86.ActiveCfg = Release|Any CPU
	EndGlobalSection
	GlobalSection(SolutionProperties) = preSolution
		HideSolutionNode = FALSE
	EndGlobalSection
EndGlobal
